// !$*UTF8*$!
{
	archiveVersion = 1;
	classes = {
	};
	objectVersion = 55;
	objects = {

/* Begin PBXBuildFile section */
		DA57EC97279C384B009025EC /* AppDelegate.swift in Sources */ = {isa = PBXBuildFile; fileRef = DA57EC96279C384B009025EC /* AppDelegate.swift */; };
		DA57EC99279C384B009025EC /* SceneDelegate.swift in Sources */ = {isa = PBXBuildFile; fileRef = DA57EC98279C384B009025EC /* SceneDelegate.swift */; };
		DA57EC9B279C384B009025EC /* ViewController.swift in Sources */ = {isa = PBXBuildFile; fileRef = DA57EC9A279C384B009025EC /* ViewController.swift */; };
		DA57EC9E279C384B009025EC /* Main.storyboard in Resources */ = {isa = PBXBuildFile; fileRef = DA57EC9C279C384B009025EC /* Main.storyboard */; };
		DA57ECA0279C384C009025EC /* Assets.xcassets in Resources */ = {isa = PBXBuildFile; fileRef = DA57EC9F279C384C009025EC /* Assets.xcassets */; };
		DA57ECA3279C384C009025EC /* LaunchScreen.storyboard in Resources */ = {isa = PBXBuildFile; fileRef = DA57ECA1279C384C009025EC /* LaunchScreen.storyboard */; };
		DA57ECAB279C3A30009025EC /* SwiftyJSON.swift in Sources */ = {isa = PBXBuildFile; fileRef = DA57ECAA279C3A30009025EC /* SwiftyJSON.swift */; };
		DA57ECAD279C3F08009025EC /* DetailViewController.swift in Sources */ = {isa = PBXBuildFile; fileRef = DA57ECAC279C3F08009025EC /* DetailViewController.swift */; };
		DA57ECB0279C4230009025EC /* GithubCommit.xcdatamodeld in Sources */ = {isa = PBXBuildFile; fileRef = DA57ECAE279C4230009025EC /* GithubCommit.xcdatamodeld */; };
/* End PBXBuildFile section */

/* Begin PBXFileReference section */
		DA57EC93279C384B009025EC /* GithubCommit.app */ = {isa = PBXFileReference; explicitFileType = wrapper.application; includeInIndex = 0; path = GithubCommit.app; sourceTree = BUILT_PRODUCTS_DIR; };
		DA57EC96279C384B009025EC /* AppDelegate.swift */ = {isa = PBXFileReference; lastKnownFileType = sourcecode.swift; path = AppDelegate.swift; sourceTree = "<group>"; };
		DA57EC98279C384B009025EC /* SceneDelegate.swift */ = {isa = PBXFileReference; lastKnownFileType = sourcecode.swift; path = SceneDelegate.swift; sourceTree = "<group>"; };
		DA57EC9A279C384B009025EC /* ViewController.swift */ = {isa = PBXFileReference; lastKnownFileType = sourcecode.swift; path = ViewController.swift; sourceTree = "<group>"; };
		DA57EC9D279C384B009025EC /* Base */ = {isa = PBXFileReference; lastKnownFileType = file.storyboard; name = Base; path = Base.lproj/Main.storyboard; sourceTree = "<group>"; };
		DA57EC9F279C384C009025EC /* Assets.xcassets */ = {isa = PBXFileReference; lastKnownFileType = folder.assetcatalog; path = Assets.xcassets; sourceTree = "<group>"; };
		DA57ECA2279C384C009025EC /* Base */ = {isa = PBXFileReference; lastKnownFileType = file.storyboard; name = Base; path = Base.lproj/LaunchScreen.storyboard; sourceTree = "<group>"; };
		DA57ECA4279C384C009025EC /* Info.plist */ = {isa = PBXFileReference; lastKnownFileType = text.plist.xml; path = Info.plist; sourceTree = "<group>"; };
		DA57ECAA279C3A30009025EC /* SwiftyJSON.swift */ = {isa = PBXFileReference; lastKnownFileType = sourcecode.swift; path = SwiftyJSON.swift; sourceTree = "<group>"; };
		DA57ECAC279C3F08009025EC /* DetailViewController.swift */ = {isa = PBXFileReference; lastKnownFileType = sourcecode.swift; path = DetailViewController.swift; sourceTree = "<group>"; };
		DA57ECAF279C4230009025EC /* GithubCommit.xcdatamodel */ = {isa = PBXFileReference; lastKnownFileType = wrapper.xcdatamodel; path = GithubCommit.xcdatamodel; sourceTree = "<group>"; };
/* End PBXFileReference section */

/* Begin PBXFrameworksBuildPhase section */
		DA57EC90279C384A009025EC /* Frameworks */ = {
			isa = PBXFrameworksBuildPhase;
			buildActionMask = 2147483647;
			files = (
			);
			runOnlyForDeploymentPostprocessing = 0;
		};
/* End PBXFrameworksBuildPhase section */

/* Begin PBXGroup section */
		DA57EC8A279C384A009025EC = {
			isa = PBXGroup;
			children = (
				DA57EC95279C384B009025EC /* GithubCommit */,
				DA57EC94279C384B009025EC /* Products */,
			);
			sourceTree = "<group>";
		};
		DA57EC94279C384B009025EC /* Products */ = {
			isa = PBXGroup;
			children = (
				DA57EC93279C384B009025EC /* GithubCommit.app */,
			);
			name = Products;
			sourceTree = "<group>";
		};
		DA57EC95279C384B009025EC /* GithubCommit */ = {
			isa = PBXGroup;
			children = (
				DA57EC96279C384B009025EC /* AppDelegate.swift */,
				DA57EC98279C384B009025EC /* SceneDelegate.swift */,
				DA57EC9A279C384B009025EC /* ViewController.swift */,
				DA57EC9C279C384B009025EC /* Main.storyboard */,
				DA57EC9F279C384C009025EC /* Assets.xcassets */,
				DA57ECA1279C384C009025EC /* LaunchScreen.storyboard */,
				DA57ECA4279C384C009025EC /* Info.plist */,
				DA57ECAA279C3A30009025EC /* SwiftyJSON.swift */,
				DA57ECAC279C3F08009025EC /* DetailViewController.swift */,
				DA57ECAE279C4230009025EC /* GithubCommit.xcdatamodeld */,
			);
			path = GithubCommit;
			sourceTree = "<group>";
		};
/* End PBXGroup section */

/* Begin PBXNativeTarget section */
		DA57EC92279C384A009025EC /* GithubCommit */ = {
			isa = PBXNativeTarget;
			buildConfigurationList = DA57ECA7279C384C009025EC /* Build configuration list for PBXNativeTarget "GithubCommit" */;
			buildPhases = (
				DA57EC8F279C384A009025EC /* Sources */,
				DA57EC90279C384A009025EC /* Frameworks */,
				DA57EC91279C384A009025EC /* Resources */,
			);
			buildRules = (
			);
			dependencies = (
			);
			name = GithubCommit;
			productName = GithubCommit;
			productReference = DA57EC93279C384B009025EC /* GithubCommit.app */;
			productType = "com.apple.product-type.application";
		};
/* End PBXNativeTarget section */

/* Begin PBXProject section */
		DA57EC8B279C384A009025EC /* Project object */ = {
			isa = PBXProject;
			attributes = {
				BuildIndependentTargetsInParallel = 1;
				LastSwiftUpdateCheck = 1320;
				LastUpgradeCheck = 1320;
				TargetAttributes = {
					DA57EC92279C384A009025EC = {
						CreatedOnToolsVersion = 13.2.1;
					};
				};
			};
			buildConfigurationList = DA57EC8E279C384A009025EC /* Build configuration list for PBXProject "GithubCommit" */;
			compatibilityVersion = "Xcode 13.0";
			developmentRegion = en;
			hasScannedForEncodings = 0;
			knownRegions = (
				en,
				Base,
			);
			mainGroup = DA57EC8A279C384A009025EC;
			productRefGroup = DA57EC94279C384B009025EC /* Products */;
			projectDirPath = "";
			projectRoot = "";
			targets = (
				DA57EC92279C384A009025EC /* GithubCommit */,
			);
		};
/* End PBXProject section */

/* Begin PBXResourcesBuildPhase section */
		DA57EC91279C384A009025EC /* Resources */ = {
			isa = PBXResourcesBuildPhase;
			buildActionMask = 2147483647;
			files = (
				DA57ECA3279C384C009025EC /* LaunchScreen.storyboard in Resources */,
				DA57ECA0279C384C009025EC /* Assets.xcassets in Resources */,
				DA57EC9E279C384B009025EC /* Main.storyboard in Resources */,
			);
			runOnlyForDeploymentPostprocessing = 0;
		};
/* End PBXResourcesBuildPhase section */

/* Begin PBXSourcesBuildPhase section */
		DA57EC8F279C384A009025EC /* Sources */ = {
			isa = PBXSourcesBuildPhase;
			buildActionMask = 2147483647;
			files = (
				DA57EC9B279C384B009025EC /* ViewController.swift in Sources */,
				DA57ECB0279C4230009025EC /* GithubCommit.xcdatamodeld in Sources */,
				DA57EC97279C384B009025EC /* AppDelegate.swift in Sources */,
				DA57ECAD279C3F08009025EC /* DetailViewController.swift in Sources */,
				DA57EC99279C384B009025EC /* SceneDelegate.swift in Sources */,
				DA57ECAB279C3A30009025EC /* SwiftyJSON.swift in Sources */,
			);
			runOnlyForDeploymentPostprocessing = 0;
		};
/* End PBXSourcesBuildPhase section */

/* Begin PBXVariantGroup section */
		DA57EC9C279C384B009025EC /* Main.storyboard */ = {
			isa = PBXVariantGroup;
			children = (
				DA57EC9D279C384B009025EC /* Base */,
			);
			name = Main.storyboard;
			sourceTree = "<group>";
		};
		DA57ECA1279C384C009025EC /* LaunchScreen.storyboard */ = {
			isa = PBXVariantGroup;
			children = (
				DA57ECA2279C384C009025EC /* Base */,
			);
			name = LaunchScreen.storyboard;
			sourceTree = "<group>";
		};
/* End PBXVariantGroup section */

/* Begin XCBuildConfiguration section */
		DA57ECA5279C384C009025EC /* Debug */ = {
			isa = XCBuildConfiguration;
			buildSettings = {
				ALWAYS_SEARCH_USER_PATHS = NO;
				CLANG_ANALYZER_NONNULL = YES;
				CLANG_ANALYZER_NUMBER_OBJECT_CONVERSION = YES_AGGRESSIVE;
				CLANG_CXX_LANGUAGE_STANDARD = "gnu++17";
				CLANG_CXX_LIBRARY = "libc++";
				CLANG_ENABLE_MODULES = YES;
				CLANG_ENABLE_OBJC_ARC = YES;
				CLANG_ENABLE_OBJC_WEAK = YES;
				CLANG_WARN_BLOCK_CAPTURE_AUTORELEASING = YES;
				CLANG_WARN_BOOL_CONVERSION = YES;
				CLANG_WARN_COMMA = YES;
				CLANG_WARN_CONSTANT_CONVERSION = YES;
				CLANG_WARN_DEPRECATED_OBJC_IMPLEMENTATIONS = YES;
				CLANG_WARN_DIRECT_OBJC_ISA_USAGE = YES_ERROR;
				CLANG_WARN_DOCUMENTATION_COMMENTS = YES;
				CLANG_WARN_EMPTY_BODY = YES;
				CLANG_WARN_ENUM_CONVERSION = YES;
				CLANG_WARN_INFINITE_RECURSION = YES;
				CLANG_WARN_INT_CONVERSION = YES;
				CLANG_WARN_NON_LITERAL_NULL_CONVERSION = YES;
				CLANG_WARN_OBJC_IMPLICIT_RETAIN_SELF = YES;
				CLANG_WARN_OBJC_LITERAL_CONVERSION = YES;
				CLANG_WARN_OBJC_ROOT_CLASS = YES_ERROR;
				CLANG_WARN_QUOTED_INCLUDE_IN_FRAMEWORK_HEADER = YES;
				CLANG_WARN_RANGE_LOOP_ANALYSIS = YES;
				CLANG_WARN_STRICT_PROTOTYPES = YES;
				CLANG_WARN_SUSPICIOUS_MOVE = YES;
				CLANG_WARN_UNGUARDED_AVAILABILITY = YES_AGGRESSIVE;
				CLANG_WARN_UNREACHABLE_CODE = YES;
				CLANG_WARN__DUPLICATE_METHOD_MATCH = YES;
				COPY_PHASE_STRIP = NO;
				DEBUG_INFORMATION_FORMAT = dwarf;
				ENABLE_STRICT_OBJC_MSGSEND = YES;
				ENABLE_TESTABILITY = YES;
				GCC_C_LANGUAGE_STANDARD = gnu11;
				GCC_DYNAMIC_NO_PIC = NO;
				GCC_NO_COMMON_BLOCKS = YES;
				GCC_OPTIMIZATION_LEVEL = 0;
				GCC_PREPROCESSOR_DEFINITIONS = (
					"DEBUG=1",
					"$(inherited)",
				);
				GCC_WARN_64_TO_32_BIT_CONVERSION = YES;
				GCC_WARN_ABOUT_RETURN_TYPE = YES_ERROR;
				GCC_WARN_UNDECLARED_SELECTOR = YES;
				GCC_WARN_UNINITIALIZED_AUTOS = YES_AGGRESSIVE;
				GCC_WARN_UNUSED_FUNCTION = YES;
				GCC_WARN_UNUSED_VARIABLE = YES;
				IPHONEOS_DEPLOYMENT_TARGET = 15.2;
				MTL_ENABLE_DEBUG_INFO = INCLUDE_SOURCE;
				MTL_FAST_MATH = YES;
				ONLY_ACTIVE_ARCH = YES;
				SDKROOT = iphoneos;
				SWIFT_ACTIVE_COMPILATION_CONDITIONS = DEBUG;
				SWIFT_OPTIMIZATION_LEVEL = "-Onone";
			};
			name = Debug;
		};
		DA57ECA6279C384C009025EC /* Release */ = {
			isa = XCBuildConfiguration;
			buildSettings = {
				ALWAYS_SEARCH_USER_PATHS = NO;
				CLANG_ANALYZER_NONNULL = YES;
				CLANG_ANALYZER_NUMBER_OBJECT_CONVERSION = YES_AGGRESSIVE;
				CLANG_CXX_LANGUAGE_STANDARD = "gnu++17";
				CLANG_CXX_LIBRARY = "libc++";
				CLANG_ENABLE_MODULES = YES;
				CLANG_ENABLE_OBJC_ARC = YES;
				CLANG_ENABLE_OBJC_WEAK = YES;
				CLANG_WARN_BLOCK_CAPTURE_AUTORELEASING = YES;
				CLANG_WARN_BOOL_CONVERSION = YES;
				CLANG_WARN_COMMA = YES;
				CLANG_WARN_CONSTANT_CONVERSION = YES;
				CLANG_WARN_DEPRECATED_OBJC_IMPLEMENTATIONS = YES;
				CLANG_WARN_DIRECT_OBJC_ISA_USAGE = YES_ERROR;
				CLANG_WARN_DOCUMENTATION_COMMENTS = YES;
				CLANG_WARN_EMPTY_BODY = YES;
				CLANG_WARN_ENUM_CONVERSION = YES;
				CLANG_WARN_INFINITE_RECURSION = YES;
				CLANG_WARN_INT_CONVERSION = YES;
				CLANG_WARN_NON_LITERAL_NULL_CONVERSION = YES;
				CLANG_WARN_OBJC_IMPLICIT_RETAIN_SELF = YES;
				CLANG_WARN_OBJC_LITERAL_CONVERSION = YES;
				CLANG_WARN_OBJC_ROOT_CLASS = YES_ERROR;
				CLANG_WARN_QUOTED_INCLUDE_IN_FRAMEWORK_HEADER = YES;
				CLANG_WARN_RANGE_LOOP_ANALYSIS = YES;
				CLANG_WARN_STRICT_PROTOTYPES = YES;
				CLANG_WARN_SUSPICIOUS_MOVE = YES;
				CLANG_WARN_UNGUARDED_AVAILABILITY = YES_AGGRESSIVE;
				CLANG_WARN_UNREACHABLE_CODE = YES;
				CLANG_WARN__DUPLICATE_METHOD_MATCH = YES;
				COPY_PHASE_STRIP = NO;
				DEBUG_INFORMATION_FORMAT = "dwarf-with-dsym";
				ENABLE_NS_ASSERTIONS = NO;
				ENABLE_STRICT_OBJC_MSGSEND = YES;
				GCC_C_LANGUAGE_STANDARD = gnu11;
				GCC_NO_COMMON_BLOCKS = YES;
				GCC_WARN_64_TO_32_BIT_CONVERSION = YES;
				GCC_WARN_ABOUT_RETURN_TYPE = YES_ERROR;
				GCC_WARN_UNDECLARED_SELECTOR = YES;
				GCC_WARN_UNINITIALIZED_AUTOS = YES_AGGRESSIVE;
				GCC_WARN_UNUSED_FUNCTION = YES;
				GCC_WARN_UNUSED_VARIABLE = YES;
				IPHONEOS_DEPLOYMENT_TARGET = 15.2;
				MTL_ENABLE_DEBUG_INFO = NO;
				MTL_FAST_MATH = YES;
				SDKROOT = iphoneos;
				SWIFT_COMPILATION_MODE = wholemodule;
				SWIFT_OPTIMIZATION_LEVEL = "-O";
				VALIDATE_PRODUCT = YES;
			};
			name = Release;
		};
		DA57ECA8279C384C009025EC /* Debug */ = {
			isa = XCBuildConfiguration;
			buildSettings = {
				ASSETCATALOG_COMPILER_APPICON_NAME = AppIcon;
				ASSETCATALOG_COMPILER_GLOBAL_ACCENT_COLOR_NAME = AccentColor;
				CODE_SIGN_STYLE = Automatic;
				CURRENT_PROJECT_VERSION = 1;
				GENERATE_INFOPLIST_FILE = YES;
				INFOPLIST_FILE = GithubCommit/Info.plist;
				INFOPLIST_KEY_UIApplicationSupportsIndirectInputEvents = YES;
				INFOPLIST_KEY_UILaunchStoryboardName = LaunchScreen;
				INFOPLIST_KEY_UIMainStoryboardFile = Main;
				INFOPLIST_KEY_UISupportedInterfaceOrientations_iPad = "UIInterfaceOrientationPortrait UIInterfaceOrientationPortraitUpsideDown UIInterfaceOrientationLandscapeLeft UIInterfaceOrientationLandscapeRight";
				INFOPLIST_KEY_UISupportedInterfaceOrientations_iPhone = "UIInterfaceOrientationPortrait UIInterfaceOrientationLandscapeLeft UIInterfaceOrientationLandscapeRight";
				LD_RUNPATH_SEARCH_PATHS = (
					"$(inherited)",
					"@executable_path/Frameworks",
				);
				MARKETING_VERSION = 1.0;
				PRODUCT_BUNDLE_IDENTIFIER = PhatNguyen.GithubCommit;
				PRODUCT_NAME = "$(TARGET_NAME)";
				SWIFT_EMIT_LOC_STRINGS = YES;
				SWIFT_VERSION = 5.0;
				TARGETED_DEVICE_FAMILY = "1,2";
			};
			name = Debug;
		};
		DA57ECA9279C384C009025EC /* Release */ = {
			isa = XCBuildConfiguration;
			buildSettings = {
				ASSETCATALOG_COMPILER_APPICON_NAME = AppIcon;
				ASSETCATALOG_COMPILER_GLOBAL_ACCENT_COLOR_NAME = AccentColor;
				CODE_SIGN_STYLE = Automatic;
				CURRENT_PROJECT_VERSION = 1;
				GENERATE_INFOPLIST_FILE = YES;
				INFOPLIST_FILE = GithubCommit/Info.plist;
				INFOPLIST_KEY_UIApplicationSupportsIndirectInputEvents = YES;
				INFOPLIST_KEY_UILaunchStoryboardName = LaunchScreen;
				INFOPLIST_KEY_UIMainStoryboardFile = Main;
				INFOPLIST_KEY_UISupportedInterfaceOrientations_iPad = "UIInterfaceOrientationPortrait UIInterfaceOrientationPortraitUpsideDown UIInterfaceOrientationLandscapeLeft UIInterfaceOrientationLandscapeRight";
				INFOPLIST_KEY_UISupportedInterfaceOrientations_iPhone = "UIInterfaceOrientationPortrait UIInterfaceOrientationLandscapeLeft UIInterfaceOrientationLandscapeRight";
				LD_RUNPATH_SEARCH_PATHS = (
					"$(inherited)",
					"@executable_path/Frameworks",
				);
				MARKETING_VERSION = 1.0;
				PRODUCT_BUNDLE_IDENTIFIER = PhatNguyen.GithubCommit;
				PRODUCT_NAME = "$(TARGET_NAME)";
				SWIFT_EMIT_LOC_STRINGS = YES;
				SWIFT_VERSION = 5.0;
				TARGETED_DEVICE_FAMILY = "1,2";
			};
			name = Release;
		};
/* End XCBuildConfiguration section */

/* Begin XCConfigurationList section */
		DA57EC8E279C384A009025EC /* Build configuration list for PBXProject "GithubCommit" */ = {
			isa = XCConfigurationList;
			buildConfigurations = (
				DA57ECA5279C384C009025EC /* Debug */,
				DA57ECA6279C384C009025EC /* Release */,
			);
			defaultConfigurationIsVisible = 0;
			defaultConfigurationName = Release;
		};
		DA57ECA7279C384C009025EC /* Build configuration list for PBXNativeTarget "GithubCommit" */ = {
			isa = XCConfigurationList;
			buildConfigurations = (
				DA57ECA8279C384C009025EC /* Debug */,
				DA57ECA9279C384C009025EC /* Release */,
			);
			defaultConfigurationIsVisible = 0;
			defaultConfigurationName = Release;
		};
/* End XCConfigurationList section */

/* Begin XCVersionGroup section */
		DA57ECAE279C4230009025EC /* GithubCommit.xcdatamodeld */ = {
			isa = XCVersionGroup;
			children = (
				DA57ECAF279C4230009025EC /* GithubCommit.xcdatamodel */,
			);
			currentVersion = DA57ECAF279C4230009025EC /* GithubCommit.xcdatamodel */;
			path = GithubCommit.xcdatamodeld;
			sourceTree = "<group>";
			versionGroupType = wrapper.xcdatamodel;
		};
/* End XCVersionGroup section */
	};
	rootObject = DA57EC8B279C384A009025EC /* Project object */;
}
